// !$*UTF8*$!
{
	archiveVersion = 1;
	classes = {
	};
	objectVersion = 50;
	objects = {

/* Begin PBXBuildFile section */
		731FE35426EE8048000CA5B5 /* AppDelegate.swift in Sources */ = {isa = PBXBuildFile; fileRef = 731FE35326EE8048000CA5B5 /* AppDelegate.swift */; };
		731FE35626EE8048000CA5B5 /* SceneDelegate.swift in Sources */ = {isa = PBXBuildFile; fileRef = 731FE35526EE8048000CA5B5 /* SceneDelegate.swift */; };
		731FE35826EE8048000CA5B5 /* ViewController.swift in Sources */ = {isa = PBXBuildFile; fileRef = 731FE35726EE8048000CA5B5 /* ViewController.swift */; };
		731FE35B26EE8048000CA5B5 /* Main.storyboard in Resources */ = {isa = PBXBuildFile; fileRef = 731FE35926EE8048000CA5B5 /* Main.storyboard */; };
		731FE35D26EE8053000CA5B5 /* Assets.xcassets in Resources */ = {isa = PBXBuildFile; fileRef = 731FE35C26EE8053000CA5B5 /* Assets.xcassets */; };
		731FE36026EE8053000CA5B5 /* LaunchScreen.storyboard in Resources */ = {isa = PBXBuildFile; fileRef = 731FE35E26EE8053000CA5B5 /* LaunchScreen.storyboard */; };
		731FE36826EE8107000CA5B5 /* VC3.swift in Sources */ = {isa = PBXBuildFile; fileRef = 731FE36726EE8107000CA5B5 /* VC3.swift */; };
		731FE36A26EE8125000CA5B5 /* VC2.swift in Sources */ = {isa = PBXBuildFile; fileRef = 731FE36926EE8125000CA5B5 /* VC2.swift */; };
		731FE36C26EE813C000CA5B5 /* VC4.swift in Sources */ = {isa = PBXBuildFile; fileRef = 731FE36B26EE813C000CA5B5 /* VC4.swift */; };
		731FE36E26EE86E4000CA5B5 /* solcelle.jpg in Resources */ = {isa = PBXBuildFile; fileRef = 731FE36D26EE86E4000CA5B5 /* solcelle.jpg */; };
		731FE37026EF4664000CA5B5 /* Introfilm.swift in Sources */ = {isa = PBXBuildFile; fileRef = 731FE36F26EF4664000CA5B5 /* Introfilm.swift */; };
		734F171626EF6DD100A5BDA4 /* VC22.swift in Sources */ = {isa = PBXBuildFile; fileRef = 734F171526EF6DD100A5BDA4 /* VC22.swift */; };
		734F171826EF6DDD00A5BDA4 /* VC23.swift in Sources */ = {isa = PBXBuildFile; fileRef = 734F171726EF6DDD00A5BDA4 /* VC23.swift */; };
		734F171C26F26EC500A5BDA4 /* Aktivitet1.swift in Sources */ = {isa = PBXBuildFile; fileRef = 734F171B26F26EC500A5BDA4 /* Aktivitet1.swift */; };
		734F171E26F26ED600A5BDA4 /* Aktivitet2.swift in Sources */ = {isa = PBXBuildFile; fileRef = 734F171D26F26ED600A5BDA4 /* Aktivitet2.swift */; };
		734F172026F26EEB00A5BDA4 /* Aktivitet3.swift in Sources */ = {isa = PBXBuildFile; fileRef = 734F171F26F26EEB00A5BDA4 /* Aktivitet3.swift */; };
		734F172226F26EF800A5BDA4 /* Aktivitet4.swift in Sources */ = {isa = PBXBuildFile; fileRef = 734F172126F26EF800A5BDA4 /* Aktivitet4.swift */; };
		734F172426F26F0400A5BDA4 /* Aktivitet5.swift in Sources */ = {isa = PBXBuildFile; fileRef = 734F172326F26F0400A5BDA4 /* Aktivitet5.swift */; };
		734F174726F365B400A5BDA4 /* sol1.png in Resources */ = {isa = PBXBuildFile; fileRef = 734F174026F365B200A5BDA4 /* sol1.png */; };
		734F174826F365B400A5BDA4 /* sol2.png in Resources */ = {isa = PBXBuildFile; fileRef = 734F174126F365B300A5BDA4 /* sol2.png */; };
		734F174926F365B400A5BDA4 /* sol3.png in Resources */ = {isa = PBXBuildFile; fileRef = 734F174226F365B300A5BDA4 /* sol3.png */; };
		734F174A26F365B400A5BDA4 /* sol5.png in Resources */ = {isa = PBXBuildFile; fileRef = 734F174326F365B300A5BDA4 /* sol5.png */; };
		734F174B26F365B400A5BDA4 /* sol7.png in Resources */ = {isa = PBXBuildFile; fileRef = 734F174426F365B400A5BDA4 /* sol7.png */; };
		734F174C26F365B400A5BDA4 /* sol6.png in Resources */ = {isa = PBXBuildFile; fileRef = 734F174526F365B400A5BDA4 /* sol6.png */; };
		734F174D26F365B400A5BDA4 /* sol4.png in Resources */ = {isa = PBXBuildFile; fileRef = 734F174626F365B400A5BDA4 /* sol4.png */; };
		734F174F26F369CB00A5BDA4 /* Aktivitet6.swift in Sources */ = {isa = PBXBuildFile; fileRef = 734F174E26F369CB00A5BDA4 /* Aktivitet6.swift */; };
		734F175126F369D800A5BDA4 /* Aktivitet7.swift in Sources */ = {isa = PBXBuildFile; fileRef = 734F175026F369D800A5BDA4 /* Aktivitet7.swift */; };
		734F175326F369E300A5BDA4 /* Aktivitet8.swift in Sources */ = {isa = PBXBuildFile; fileRef = 734F175226F369E300A5BDA4 /* Aktivitet8.swift */; };
		734F175526F369EE00A5BDA4 /* Aktivitet9.swift in Sources */ = {isa = PBXBuildFile; fileRef = 734F175426F369EE00A5BDA4 /* Aktivitet9.swift */; };
/* End PBXBuildFile section */

/* Begin PBXFileReference section */
		731FE35026EE8048000CA5B5 /* Solcelle.app */ = {isa = PBXFileReference; explicitFileType = wrapper.application; includeInIndex = 0; path = Solcelle.app; sourceTree = BUILT_PRODUCTS_DIR; };
		731FE35326EE8048000CA5B5 /* AppDelegate.swift */ = {isa = PBXFileReference; lastKnownFileType = sourcecode.swift; path = AppDelegate.swift; sourceTree = "<group>"; };
		731FE35526EE8048000CA5B5 /* SceneDelegate.swift */ = {isa = PBXFileReference; lastKnownFileType = sourcecode.swift; path = SceneDelegate.swift; sourceTree = "<group>"; };
		731FE35726EE8048000CA5B5 /* ViewController.swift */ = {isa = PBXFileReference; lastKnownFileType = sourcecode.swift; path = ViewController.swift; sourceTree = "<group>"; };
		731FE35A26EE8048000CA5B5 /* Base */ = {isa = PBXFileReference; lastKnownFileType = file.storyboard; name = Base; path = Base.lproj/Main.storyboard; sourceTree = "<group>"; };
		731FE35C26EE8053000CA5B5 /* Assets.xcassets */ = {isa = PBXFileReference; lastKnownFileType = folder.assetcatalog; path = Assets.xcassets; sourceTree = "<group>"; };
		731FE35F26EE8053000CA5B5 /* Base */ = {isa = PBXFileReference; lastKnownFileType = file.storyboard; name = Base; path = Base.lproj/LaunchScreen.storyboard; sourceTree = "<group>"; };
		731FE36126EE8053000CA5B5 /* Info.plist */ = {isa = PBXFileReference; lastKnownFileType = text.plist.xml; path = Info.plist; sourceTree = "<group>"; };
		731FE36726EE8107000CA5B5 /* VC3.swift */ = {isa = PBXFileReference; lastKnownFileType = sourcecode.swift; path = VC3.swift; sourceTree = "<group>"; };
		731FE36926EE8125000CA5B5 /* VC2.swift */ = {isa = PBXFileReference; lastKnownFileType = sourcecode.swift; path = VC2.swift; sourceTree = "<group>"; };
		731FE36B26EE813C000CA5B5 /* VC4.swift */ = {isa = PBXFileReference; lastKnownFileType = sourcecode.swift; path = VC4.swift; sourceTree = "<group>"; };
		731FE36D26EE86E4000CA5B5 /* solcelle.jpg */ = {isa = PBXFileReference; lastKnownFileType = image.jpeg; name = solcelle.jpg; path = ../../../Downloads/solcelle.jpg; sourceTree = "<group>"; };
		731FE36F26EF4664000CA5B5 /* Introfilm.swift */ = {isa = PBXFileReference; lastKnownFileType = sourcecode.swift; path = Introfilm.swift; sourceTree = "<group>"; };
		734F171526EF6DD100A5BDA4 /* VC22.swift */ = {isa = PBXFileReference; lastKnownFileType = sourcecode.swift; path = VC22.swift; sourceTree = "<group>"; };
		734F171726EF6DDD00A5BDA4 /* VC23.swift */ = {isa = PBXFileReference; lastKnownFileType = sourcecode.swift; path = VC23.swift; sourceTree = "<group>"; };
		734F171B26F26EC500A5BDA4 /* Aktivitet1.swift */ = {isa = PBXFileReference; lastKnownFileType = sourcecode.swift; path = Aktivitet1.swift; sourceTree = "<group>"; };
		734F171D26F26ED600A5BDA4 /* Aktivitet2.swift */ = {isa = PBXFileReference; lastKnownFileType = sourcecode.swift; path = Aktivitet2.swift; sourceTree = "<group>"; };
		734F171F26F26EEB00A5BDA4 /* Aktivitet3.swift */ = {isa = PBXFileReference; lastKnownFileType = sourcecode.swift; path = Aktivitet3.swift; sourceTree = "<group>"; };
		734F172126F26EF800A5BDA4 /* Aktivitet4.swift */ = {isa = PBXFileReference; lastKnownFileType = sourcecode.swift; path = Aktivitet4.swift; sourceTree = "<group>"; };
		734F172326F26F0400A5BDA4 /* Aktivitet5.swift */ = {isa = PBXFileReference; lastKnownFileType = sourcecode.swift; path = Aktivitet5.swift; sourceTree = "<group>"; };
		734F174026F365B200A5BDA4 /* sol1.png */ = {isa = PBXFileReference; lastKnownFileType = image.png; name = sol1.png; path = ../../sol1.png; sourceTree = "<group>"; };
		734F174126F365B300A5BDA4 /* sol2.png */ = {isa = PBXFileReference; lastKnownFileType = image.png; name = sol2.png; path = ../../sol2.png; sourceTree = "<group>"; };
		734F174226F365B300A5BDA4 /* sol3.png */ = {isa = PBXFileReference; lastKnownFileType = image.png; name = sol3.png; path = ../../sol3.png; sourceTree = "<group>"; };
		734F174326F365B300A5BDA4 /* sol5.png */ = {isa = PBXFileReference; lastKnownFileType = image.png; name = sol5.png; path = ../../sol5.png; sourceTree = "<group>"; };
		734F174426F365B400A5BDA4 /* sol7.png */ = {isa = PBXFileReference; lastKnownFileType = image.png; name = sol7.png; path = ../../sol7.png; sourceTree = "<group>"; };
		734F174526F365B400A5BDA4 /* sol6.png */ = {isa = PBXFileReference; lastKnownFileType = image.png; name = sol6.png; path = ../../sol6.png; sourceTree = "<group>"; };
		734F174626F365B400A5BDA4 /* sol4.png */ = {isa = PBXFileReference; lastKnownFileType = image.png; name = sol4.png; path = ../../sol4.png; sourceTree = "<group>"; };
		734F174E26F369CB00A5BDA4 /* Aktivitet6.swift */ = {isa = PBXFileReference; lastKnownFileType = sourcecode.swift; path = Aktivitet6.swift; sourceTree = "<group>"; };
		734F175026F369D800A5BDA4 /* Aktivitet7.swift */ = {isa = PBXFileReference; lastKnownFileType = sourcecode.swift; path = Aktivitet7.swift; sourceTree = "<group>"; };
		734F175226F369E300A5BDA4 /* Aktivitet8.swift */ = {isa = PBXFileReference; lastKnownFileType = sourcecode.swift; path = Aktivitet8.swift; sourceTree = "<group>"; };
		734F175426F369EE00A5BDA4 /* Aktivitet9.swift */ = {isa = PBXFileReference; lastKnownFileType = sourcecode.swift; path = Aktivitet9.swift; sourceTree = "<group>"; };
/* End PBXFileReference section */

/* Begin PBXFrameworksBuildPhase section */
		731FE34D26EE8048000CA5B5 /* Frameworks */ = {
			isa = PBXFrameworksBuildPhase;
			buildActionMask = 2147483647;
			files = (
			);
			runOnlyForDeploymentPostprocessing = 0;
		};
/* End PBXFrameworksBuildPhase section */

/* Begin PBXGroup section */
		731FE34726EE8048000CA5B5 = {
			isa = PBXGroup;
			children = (
				734F174026F365B200A5BDA4 /* sol1.png */,
				734F174126F365B300A5BDA4 /* sol2.png */,
				734F174226F365B300A5BDA4 /* sol3.png */,
				734F174626F365B400A5BDA4 /* sol4.png */,
				734F174326F365B300A5BDA4 /* sol5.png */,
				734F174526F365B400A5BDA4 /* sol6.png */,
				734F174426F365B400A5BDA4 /* sol7.png */,
				731FE36D26EE86E4000CA5B5 /* solcelle.jpg */,
				731FE35226EE8048000CA5B5 /* Solcelle */,
				731FE35126EE8048000CA5B5 /* Products */,
			);
			sourceTree = "<group>";
		};
		731FE35126EE8048000CA5B5 /* Products */ = {
			isa = PBXGroup;
			children = (
				731FE35026EE8048000CA5B5 /* Solcelle.app */,
			);
			name = Products;
			sourceTree = "<group>";
		};
		731FE35226EE8048000CA5B5 /* Solcelle */ = {
			isa = PBXGroup;
			children = (
				731FE35326EE8048000CA5B5 /* AppDelegate.swift */,
				731FE35526EE8048000CA5B5 /* SceneDelegate.swift */,
				731FE35726EE8048000CA5B5 /* ViewController.swift */,
				731FE36926EE8125000CA5B5 /* VC2.swift */,
				734F171526EF6DD100A5BDA4 /* VC22.swift */,
				734F171726EF6DDD00A5BDA4 /* VC23.swift */,
				731FE36726EE8107000CA5B5 /* VC3.swift */,
				731FE36B26EE813C000CA5B5 /* VC4.swift */,
				734F171B26F26EC500A5BDA4 /* Aktivitet1.swift */,
				734F171D26F26ED600A5BDA4 /* Aktivitet2.swift */,
				734F171F26F26EEB00A5BDA4 /* Aktivitet3.swift */,
				734F172126F26EF800A5BDA4 /* Aktivitet4.swift */,
				734F172326F26F0400A5BDA4 /* Aktivitet5.swift */,
				734F174E26F369CB00A5BDA4 /* Aktivitet6.swift */,
				734F175026F369D800A5BDA4 /* Aktivitet7.swift */,
				734F175226F369E300A5BDA4 /* Aktivitet8.swift */,
				734F175426F369EE00A5BDA4 /* Aktivitet9.swift */,
				731FE36F26EF4664000CA5B5 /* Introfilm.swift */,
				731FE35926EE8048000CA5B5 /* Main.storyboard */,
				731FE35C26EE8053000CA5B5 /* Assets.xcassets */,
				731FE35E26EE8053000CA5B5 /* LaunchScreen.storyboard */,
				731FE36126EE8053000CA5B5 /* Info.plist */,
			);
			path = Solcelle;
			sourceTree = "<group>";
		};
/* End PBXGroup section */

/* Begin PBXNativeTarget section */
		731FE34F26EE8048000CA5B5 /* Solcelle */ = {
			isa = PBXNativeTarget;
			buildConfigurationList = 731FE36426EE8053000CA5B5 /* Build configuration list for PBXNativeTarget "Solcelle" */;
			buildPhases = (
				731FE34C26EE8048000CA5B5 /* Sources */,
				731FE34D26EE8048000CA5B5 /* Frameworks */,
				731FE34E26EE8048000CA5B5 /* Resources */,
			);
			buildRules = (
			);
			dependencies = (
			);
			name = Solcelle;
			productName = Solcelle;
			productReference = 731FE35026EE8048000CA5B5 /* Solcelle.app */;
			productType = "com.apple.product-type.application";
		};
/* End PBXNativeTarget section */

/* Begin PBXProject section */
		731FE34826EE8048000CA5B5 /* Project object */ = {
			isa = PBXProject;
			attributes = {
				LastSwiftUpdateCheck = 1150;
				LastUpgradeCheck = 1150;
				ORGANIZATIONNAME = "Mariel Aulie Hinderaker";
				TargetAttributes = {
					731FE34F26EE8048000CA5B5 = {
						CreatedOnToolsVersion = 11.5;
					};
				};
			};
			buildConfigurationList = 731FE34B26EE8048000CA5B5 /* Build configuration list for PBXProject "Solcelle" */;
			compatibilityVersion = "Xcode 9.3";
			developmentRegion = en;
			hasScannedForEncodings = 0;
			knownRegions = (
				en,
				Base,
			);
			mainGroup = 731FE34726EE8048000CA5B5;
			productRefGroup = 731FE35126EE8048000CA5B5 /* Products */;
			projectDirPath = "";
			projectRoot = "";
			targets = (
				731FE34F26EE8048000CA5B5 /* Solcelle */,
			);
		};
/* End PBXProject section */

/* Begin PBXResourcesBuildPhase section */
		731FE34E26EE8048000CA5B5 /* Resources */ = {
			isa = PBXResourcesBuildPhase;
			buildActionMask = 2147483647;
			files = (
				734F174726F365B400A5BDA4 /* sol1.png in Resources */,
				734F174826F365B400A5BDA4 /* sol2.png in Resources */,
				734F174926F365B400A5BDA4 /* sol3.png in Resources */,
				734F174A26F365B400A5BDA4 /* sol5.png in Resources */,
				734F174B26F365B400A5BDA4 /* sol7.png in Resources */,
				734F174C26F365B400A5BDA4 /* sol6.png in Resources */,
				734F174D26F365B400A5BDA4 /* sol4.png in Resources */,
				731FE36E26EE86E4000CA5B5 /* solcelle.jpg in Resources */,
				731FE36026EE8053000CA5B5 /* LaunchScreen.storyboard in Resources */,
				731FE35D26EE8053000CA5B5 /* Assets.xcassets in Resources */,
				731FE35B26EE8048000CA5B5 /* Main.storyboard in Resources */,
			);
			runOnlyForDeploymentPostprocessing = 0;
		};
/* End PBXResourcesBuildPhase section */

/* Begin PBXSourcesBuildPhase section */
		731FE34C26EE8048000CA5B5 /* Sources */ = {
			isa = PBXSourcesBuildPhase;
			buildActionMask = 2147483647;
			files = (
				731FE37026EF4664000CA5B5 /* Introfilm.swift in Sources */,
				731FE36826EE8107000CA5B5 /* VC3.swift in Sources */,
				734F171626EF6DD100A5BDA4 /* VC22.swift in Sources */,
				734F172426F26F0400A5BDA4 /* Aktivitet5.swift in Sources */,
				731FE35826EE8048000CA5B5 /* ViewController.swift in Sources */,
				731FE36A26EE8125000CA5B5 /* VC2.swift in Sources */,
				734F175326F369E300A5BDA4 /* Aktivitet8.swift in Sources */,
				734F171E26F26ED600A5BDA4 /* Aktivitet2.swift in Sources */,
				734F175126F369D800A5BDA4 /* Aktivitet7.swift in Sources */,
				734F171C26F26EC500A5BDA4 /* Aktivitet1.swift in Sources */,
				734F172026F26EEB00A5BDA4 /* Aktivitet3.swift in Sources */,
				734F172226F26EF800A5BDA4 /* Aktivitet4.swift in Sources */,
				734F174F26F369CB00A5BDA4 /* Aktivitet6.swift in Sources */,
				734F175526F369EE00A5BDA4 /* Aktivitet9.swift in Sources */,
				731FE36C26EE813C000CA5B5 /* VC4.swift in Sources */,
				734F171826EF6DDD00A5BDA4 /* VC23.swift in Sources */,
				731FE35426EE8048000CA5B5 /* AppDelegate.swift in Sources */,
				731FE35626EE8048000CA5B5 /* SceneDelegate.swift in Sources */,
			);
			runOnlyForDeploymentPostprocessing = 0;
		};
/* End PBXSourcesBuildPhase section */

/* Begin PBXVariantGroup section */
		731FE35926EE8048000CA5B5 /* Main.storyboard */ = {
			isa = PBXVariantGroup;
			children = (
				731FE35A26EE8048000CA5B5 /* Base */,
			);
			name = Main.storyboard;
			sourceTree = "<group>";
		};
		731FE35E26EE8053000CA5B5 /* LaunchScreen.storyboard */ = {
			isa = PBXVariantGroup;
			children = (
				731FE35F26EE8053000CA5B5 /* Base */,
			);
			name = LaunchScreen.storyboard;
			sourceTree = "<group>";
		};
/* End PBXVariantGroup section */

/* Begin XCBuildConfiguration section */
		731FE36226EE8053000CA5B5 /* Debug */ = {
			isa = XCBuildConfiguration;
			buildSettings = {
				ALWAYS_SEARCH_USER_PATHS = NO;
				CLANG_ANALYZER_NONNULL = YES;
				CLANG_ANALYZER_NUMBER_OBJECT_CONVERSION = YES_AGGRESSIVE;
				CLANG_CXX_LANGUAGE_STANDARD = "gnu++14";
				CLANG_CXX_LIBRARY = "libc++";
				CLANG_ENABLE_MODULES = YES;
				CLANG_ENABLE_OBJC_ARC = YES;
				CLANG_ENABLE_OBJC_WEAK = YES;
				CLANG_WARN_BLOCK_CAPTURE_AUTORELEASING = YES;
				CLANG_WARN_BOOL_CONVERSION = YES;
				CLANG_WARN_COMMA = YES;
				CLANG_WARN_CONSTANT_CONVERSION = YES;
				CLANG_WARN_DEPRECATED_OBJC_IMPLEMENTATIONS = YES;
				CLANG_WARN_DIRECT_OBJC_ISA_USAGE = YES_ERROR;
				CLANG_WARN_DOCUMENTATION_COMMENTS = YES;
				CLANG_WARN_EMPTY_BODY = YES;
				CLANG_WARN_ENUM_CONVERSION = YES;
				CLANG_WARN_INFINITE_RECURSION = YES;
				CLANG_WARN_INT_CONVERSION = YES;
				CLANG_WARN_NON_LITERAL_NULL_CONVERSION = YES;
				CLANG_WARN_OBJC_IMPLICIT_RETAIN_SELF = YES;
				CLANG_WARN_OBJC_LITERAL_CONVERSION = YES;
				CLANG_WARN_OBJC_ROOT_CLASS = YES_ERROR;
				CLANG_WARN_RANGE_LOOP_ANALYSIS = YES;
				CLANG_WARN_STRICT_PROTOTYPES = YES;
				CLANG_WARN_SUSPICIOUS_MOVE = YES;
				CLANG_WARN_UNGUARDED_AVAILABILITY = YES_AGGRESSIVE;
				CLANG_WARN_UNREACHABLE_CODE = YES;
				CLANG_WARN__DUPLICATE_METHOD_MATCH = YES;
				COPY_PHASE_STRIP = NO;
				DEBUG_INFORMATION_FORMAT = dwarf;
				ENABLE_STRICT_OBJC_MSGSEND = YES;
				ENABLE_TESTABILITY = YES;
				GCC_C_LANGUAGE_STANDARD = gnu11;
				GCC_DYNAMIC_NO_PIC = NO;
				GCC_NO_COMMON_BLOCKS = YES;
				GCC_OPTIMIZATION_LEVEL = 0;
				GCC_PREPROCESSOR_DEFINITIONS = (
					"DEBUG=1",
					"$(inherited)",
				);
				GCC_WARN_64_TO_32_BIT_CONVERSION = YES;
				GCC_WARN_ABOUT_RETURN_TYPE = YES_ERROR;
				GCC_WARN_UNDECLARED_SELECTOR = YES;
				GCC_WARN_UNINITIALIZED_AUTOS = YES_AGGRESSIVE;
				GCC_WARN_UNUSED_FUNCTION = YES;
				GCC_WARN_UNUSED_VARIABLE = YES;
				IPHONEOS_DEPLOYMENT_TARGET = 13.5;
				MTL_ENABLE_DEBUG_INFO = INCLUDE_SOURCE;
				MTL_FAST_MATH = YES;
				ONLY_ACTIVE_ARCH = YES;
				SDKROOT = iphoneos;
				SWIFT_ACTIVE_COMPILATION_CONDITIONS = DEBUG;
				SWIFT_OPTIMIZATION_LEVEL = "-Onone";
			};
			name = Debug;
		};
		731FE36326EE8053000CA5B5 /* Release */ = {
			isa = XCBuildConfiguration;
			buildSettings = {
				ALWAYS_SEARCH_USER_PATHS = NO;
				CLANG_ANALYZER_NONNULL = YES;
				CLANG_ANALYZER_NUMBER_OBJECT_CONVERSION = YES_AGGRESSIVE;
				CLANG_CXX_LANGUAGE_STANDARD = "gnu++14";
				CLANG_CXX_LIBRARY = "libc++";
				CLANG_ENABLE_MODULES = YES;
				CLANG_ENABLE_OBJC_ARC = YES;
				CLANG_ENABLE_OBJC_WEAK = YES;
				CLANG_WARN_BLOCK_CAPTURE_AUTORELEASING = YES;
				CLANG_WARN_BOOL_CONVERSION = YES;
				CLANG_WARN_COMMA = YES;
				CLANG_WARN_CONSTANT_CONVERSION = YES;
				CLANG_WARN_DEPRECATED_OBJC_IMPLEMENTATIONS = YES;
				CLANG_WARN_DIRECT_OBJC_ISA_USAGE = YES_ERROR;
				CLANG_WARN_DOCUMENTATION_COMMENTS = YES;
				CLANG_WARN_EMPTY_BODY = YES;
				CLANG_WARN_ENUM_CONVERSION = YES;
				CLANG_WARN_INFINITE_RECURSION = YES;
				CLANG_WARN_INT_CONVERSION = YES;
				CLANG_WARN_NON_LITERAL_NULL_CONVERSION = YES;
				CLANG_WARN_OBJC_IMPLICIT_RETAIN_SELF = YES;
				CLANG_WARN_OBJC_LITERAL_CONVERSION = YES;
				CLANG_WARN_OBJC_ROOT_CLASS = YES_ERROR;
				CLANG_WARN_RANGE_LOOP_ANALYSIS = YES;
				CLANG_WARN_STRICT_PROTOTYPES = YES;
				CLANG_WARN_SUSPICIOUS_MOVE = YES;
				CLANG_WARN_UNGUARDED_AVAILABILITY = YES_AGGRESSIVE;
				CLANG_WARN_UNREACHABLE_CODE = YES;
				CLANG_WARN__DUPLICATE_METHOD_MATCH = YES;
				COPY_PHASE_STRIP = NO;
				DEBUG_INFORMATION_FORMAT = "dwarf-with-dsym";
				ENABLE_NS_ASSERTIONS = NO;
				ENABLE_STRICT_OBJC_MSGSEND = YES;
				GCC_C_LANGUAGE_STANDARD = gnu11;
				GCC_NO_COMMON_BLOCKS = YES;
				GCC_WARN_64_TO_32_BIT_CONVERSION = YES;
				GCC_WARN_ABOUT_RETURN_TYPE = YES_ERROR;
				GCC_WARN_UNDECLARED_SELECTOR = YES;
				GCC_WARN_UNINITIALIZED_AUTOS = YES_AGGRESSIVE;
				GCC_WARN_UNUSED_FUNCTION = YES;
				GCC_WARN_UNUSED_VARIABLE = YES;
				IPHONEOS_DEPLOYMENT_TARGET = 13.5;
				MTL_ENABLE_DEBUG_INFO = NO;
				MTL_FAST_MATH = YES;
				SDKROOT = iphoneos;
				SWIFT_COMPILATION_MODE = wholemodule;
				SWIFT_OPTIMIZATION_LEVEL = "-O";
				VALIDATE_PRODUCT = YES;
			};
			name = Release;
		};
		731FE36526EE8053000CA5B5 /* Debug */ = {
			isa = XCBuildConfiguration;
			buildSettings = {
				ASSETCATALOG_COMPILER_APPICON_NAME = AppIcon;
				CODE_SIGN_STYLE = Automatic;
				DEVELOPMENT_TEAM = LHBK53P5AL;
				INFOPLIST_FILE = Solcelle/Info.plist;
				LD_RUNPATH_SEARCH_PATHS = (
					"$(inherited)",
					"@executable_path/Frameworks",
				);
				PRODUCT_BUNDLE_IDENTIFIER = com.Aulieh.Solcelle;
				PRODUCT_NAME = "$(TARGET_NAME)";
				SWIFT_VERSION = 5.0;
				TARGETED_DEVICE_FAMILY = "1,2";
			};
			name = Debug;
		};
		731FE36626EE8053000CA5B5 /* Release */ = {
			isa = XCBuildConfiguration;
			buildSettings = {
				ASSETCATALOG_COMPILER_APPICON_NAME = AppIcon;
				CODE_SIGN_STYLE = Automatic;
				DEVELOPMENT_TEAM = LHBK53P5AL;
				INFOPLIST_FILE = Solcelle/Info.plist;
				LD_RUNPATH_SEARCH_PATHS = (
					"$(inherited)",
					"@executable_path/Frameworks",
				);
				PRODUCT_BUNDLE_IDENTIFIER = com.Aulieh.Solcelle;
				PRODUCT_NAME = "$(TARGET_NAME)";
				SWIFT_VERSION = 5.0;
				TARGETED_DEVICE_FAMILY = "1,2";
			};
			name = Release;
		};
/* End XCBuildConfiguration section */

/* Begin XCConfigurationList section */
		731FE34B26EE8048000CA5B5 /* Build configuration list for PBXProject "Solcelle" */ = {
			isa = XCConfigurationList;
			buildConfigurations = (
				731FE36226EE8053000CA5B5 /* Debug */,
				731FE36326EE8053000CA5B5 /* Release */,
			);
			defaultConfigurationIsVisible = 0;
			defaultConfigurationName = Release;
		};
		731FE36426EE8053000CA5B5 /* Build configuration list for PBXNativeTarget "Solcelle" */ = {
			isa = XCConfigurationList;
			buildConfigurations = (
				731FE36526EE8053000CA5B5 /* Debug */,
				731FE36626EE8053000CA5B5 /* Release */,
			);
			defaultConfigurationIsVisible = 0;
			defaultConfigurationName = Release;
		};
/* End XCConfigurationList section */
	};
	rootObject = 731FE34826EE8048000CA5B5 /* Project object */;
}
